
Microsoft Visual Studio Solution File, Format Version 12.00
# Visual Studio 15
Project("{FAE04EC0-301F-11D3-BF4B-00C04F79EFBC}") = "Tayx.Graphy", "Tayx.Graphy.csproj", "{91880B80-1102-DFA3-A6CA-EC50465E931E}"
EndProject
Project("{FAE04EC0-301F-11D3-BF4B-00C04F79EFBC}") = "Assembly-CSharp", "Assembly-CSharp.csproj", "{DD3B2F74-4CF1-34E3-5466-6EC229233DC4}"
EndProject
Project("{FAE04EC0-301F-11D3-BF4B-00C04F79EFBC}") = "Tayx.Graphy.Editor", "Tayx.Graphy.Editor.csproj", "{6299A613-C88A-3C3C-A69D-A1D55C9B9CB2}"
EndProject
Global
	GlobalSection(SolutionConfigurationPlatforms) = preSolution
		Debug|Any CPU = Debug|Any CPU
		Release|Any CPU = Release|Any CPU
	EndGlobalSection
	GlobalSection(ProjectConfigurationPlatforms) = postSolution
		{91880B80-1102-DFA3-A6CA-EC50465E931E}.Debug|Any CPU.ActiveCfg = Debug|Any CPU
		{91880B80-1102-DFA3-A6CA-EC50465E931E}.Debug|Any CPU.Build.0 = Debug|Any CPU
		{91880B80-1102-DFA3-A6CA-EC50465E931E}.Release|Any CPU.ActiveCfg = Release|Any CPU
		{91880B80-1102-DFA3-A6CA-EC50465E931E}.Release|Any CPU.Build.0 = Release|Any CPU
		{DD3B2F74-4CF1-34E3-5466-6EC229233DC4}.Debug|Any CPU.ActiveCfg = Debug|Any CPU
		{DD3B2F74-4CF1-34E3-5466-6EC229233DC4}.Debug|Any CPU.Build.0 = Debug|Any CPU
		{DD3B2F74-4CF1-34E3-5466-6EC229233DC4}.Release|Any CPU.ActiveCfg = Release|Any CPU
		{DD3B2F74-4CF1-34E3-5466-6EC229233DC4}.Release|Any CPU.Build.0 = Release|Any CPU
		{6299A613-C88A-3C3C-A69D-A1D55C9B9CB2}.Debug|Any CPU.ActiveCfg = Debug|Any CPU
		{6299A613-C88A-3C3C-A69D-A1D55C9B9CB2}.Debug|Any CPU.Build.0 = Debug|Any CPU
		{6299A613-C88A-3C3C-A69D-A1D55C9B9CB2}.Release|Any CPU.ActiveCfg = Release|Any CPU
		{6299A613-C88A-3C3C-A69D-A1D55C9B9CB2}.Release|Any CPU.Build.0 = Release|Any CPU
	EndGlobalSection
	GlobalSection(SolutionProperties) = preSolution
		HideSolutionNode = FALSE
	EndGlobalSection
EndGlobal
