
Microsoft Visual Studio Solution File, Format Version 12.00
# Visual Studio 15
Project("{FAE04EC0-301F-11D3-BF4B-00C04F79EFBC}") = "Assembly-CSharp", "Assembly-CSharp.csproj", "{4E70E6A8-3E43-2600-112D-718EA77A6484}"
EndProject
Project("{FAE04EC0-301F-11D3-BF4B-00C04F79EFBC}") = "Assembly-CSharp-Editor", "Assembly-CSharp-Editor.csproj", "{EFE65936-1120-A86B-65DE-2CF8238D0C6B}"
EndProject
Global
	GlobalSection(SolutionConfigurationPlatforms) = preSolution
		Debug|Any CPU = Debug|Any CPU
		Release|Any CPU = Release|Any CPU
	EndGlobalSection
	GlobalSection(ProjectConfigurationPlatforms) = postSolution
		{4E70E6A8-3E43-2600-112D-718EA77A6484}.Debug|Any CPU.ActiveCfg = Debug|Any CPU
		{4E70E6A8-3E43-2600-112D-718EA77A6484}.Debug|Any CPU.Build.0 = Debug|Any CPU
		{4E70E6A8-3E43-2600-112D-718EA77A6484}.Release|Any CPU.ActiveCfg = Release|Any CPU
		{4E70E6A8-3E43-2600-112D-718EA77A6484}.Release|Any CPU.Build.0 = Release|Any CPU
		{EFE65936-1120-A86B-65DE-2CF8238D0C6B}.Debug|Any CPU.ActiveCfg = Debug|Any CPU
		{EFE65936-1120-A86B-65DE-2CF8238D0C6B}.Debug|Any CPU.Build.0 = Debug|Any CPU
		{EFE65936-1120-A86B-65DE-2CF8238D0C6B}.Release|Any CPU.ActiveCfg = Release|Any CPU
		{EFE65936-1120-A86B-65DE-2CF8238D0C6B}.Release|Any CPU.Build.0 = Release|Any CPU
	EndGlobalSection
	GlobalSection(SolutionProperties) = preSolution
		HideSolutionNode = FALSE
	EndGlobalSection
EndGlobal
