
Microsoft Visual Studio Solution File, Format Version 12.00
# Visual Studio 15
Project("{FAE04EC0-301F-11D3-BF4B-00C04F79EFBC}") = "Assembly-CSharp", "Assembly-CSharp.csproj", "{BC130C2E-99C1-00A3-5C85-BB04A34E411C}"
EndProject
Project("{FAE04EC0-301F-11D3-BF4B-00C04F79EFBC}") = "Tayx.Graphy", "Tayx.Graphy.csproj", "{71B3515E-B07A-A362-E7F3-EFB1816F0424}"
EndProject
Project("{FAE04EC0-301F-11D3-BF4B-00C04F79EFBC}") = "Tayx.Graphy.Editor", "Tayx.Graphy.Editor.csproj", "{11FFF52C-42C3-212E-1290-CD4C8368722C}"
EndProject
Global
	GlobalSection(SolutionConfigurationPlatforms) = preSolution
		Debug|Any CPU = Debug|Any CPU
		Release|Any CPU = Release|Any CPU
	EndGlobalSection
	GlobalSection(ProjectConfigurationPlatforms) = postSolution
		{BC130C2E-99C1-00A3-5C85-BB04A34E411C}.Debug|Any CPU.ActiveCfg = Debug|Any CPU
		{BC130C2E-99C1-00A3-5C85-BB04A34E411C}.Debug|Any CPU.Build.0 = Debug|Any CPU
		{BC130C2E-99C1-00A3-5C85-BB04A34E411C}.Release|Any CPU.ActiveCfg = Release|Any CPU
		{BC130C2E-99C1-00A3-5C85-BB04A34E411C}.Release|Any CPU.Build.0 = Release|Any CPU
		{71B3515E-B07A-A362-E7F3-EFB1816F0424}.Debug|Any CPU.ActiveCfg = Debug|Any CPU
		{71B3515E-B07A-A362-E7F3-EFB1816F0424}.Debug|Any CPU.Build.0 = Debug|Any CPU
		{71B3515E-B07A-A362-E7F3-EFB1816F0424}.Release|Any CPU.ActiveCfg = Release|Any CPU
		{71B3515E-B07A-A362-E7F3-EFB1816F0424}.Release|Any CPU.Build.0 = Release|Any CPU
		{11FFF52C-42C3-212E-1290-CD4C8368722C}.Debug|Any CPU.ActiveCfg = Debug|Any CPU
		{11FFF52C-42C3-212E-1290-CD4C8368722C}.Debug|Any CPU.Build.0 = Debug|Any CPU
		{11FFF52C-42C3-212E-1290-CD4C8368722C}.Release|Any CPU.ActiveCfg = Release|Any CPU
		{11FFF52C-42C3-212E-1290-CD4C8368722C}.Release|Any CPU.Build.0 = Release|Any CPU
	EndGlobalSection
	GlobalSection(SolutionProperties) = preSolution
		HideSolutionNode = FALSE
	EndGlobalSection
EndGlobal
