
Microsoft Visual Studio Solution File, Format Version 12.00
# Visual Studio Version 16
VisualStudioVersion = 16.0.31229.75
MinimumVisualStudioVersion = 10.0.40219.1
Project("{8BC9CEB8-8B4A-11D0-8D11-00A0C91BC942}") = "OpenVINO_Plugin", "OpenVINO_Plugin\OpenVINO_Plugin.vcxproj", "{F959649D-5F7E-4392-A418-7165994BAC1A}"
EndProject
Global
	GlobalSection(SolutionConfigurationPlatforms) = preSolution
		Debug|x64 = Debug|x64
		Debug|x86 = Debug|x86
		Release|x64 = Release|x64
		Release|x86 = Release|x86
	EndGlobalSection
	GlobalSection(ProjectConfigurationPlatforms) = postSolution
		{F959649D-5F7E-4392-A418-7165994BAC1A}.Debug|x64.ActiveCfg = Debug|x64
		{F959649D-5F7E-4392-A418-7165994BAC1A}.Debug|x64.Build.0 = Debug|x64
		{F959649D-5F7E-4392-A418-7165994BAC1A}.Debug|x86.ActiveCfg = Debug|Win32
		{F959649D-5F7E-4392-A418-7165994BAC1A}.Debug|x86.Build.0 = Debug|Win32
		{F959649D-5F7E-4392-A418-7165994BAC1A}.Release|x64.ActiveCfg = Release|x64
		{F959649D-5F7E-4392-A418-7165994BAC1A}.Release|x64.Build.0 = Release|x64
		{F959649D-5F7E-4392-A418-7165994BAC1A}.Release|x86.ActiveCfg = Release|Win32
		{F959649D-5F7E-4392-A418-7165994BAC1A}.Release|x86.Build.0 = Release|Win32
	EndGlobalSection
	GlobalSection(SolutionProperties) = preSolution
		HideSolutionNode = FALSE
	EndGlobalSection
	GlobalSection(ExtensibilityGlobals) = postSolution
		SolutionGuid = {113F4D86-978B-4526-81F6-749E10F7911E}
	EndGlobalSection
EndGlobal
